
Microsoft Visual Studio Solution File, Format Version 12.00
# Visual Studio Version 16
VisualStudioVersion = 16.0.31205.134
MinimumVisualStudioVersion = 10.0.40219.1
Project("{9A19103F-16F7-4668-BE54-9A1E7A4F7556}") = "BloodyBotSystem", "BloodyBotSystem.csproj", "{C3C231A9-B726-4D1B-A9C3-91B55A75C215}"
EndProject
Global
	GlobalSection(SolutionConfigurationPlatforms) = preSolution
		Debug|Any CPU = Debug|Any CPU
		Release|Any CPU = Release|Any CPU
	EndGlobalSection
	GlobalSection(ProjectConfigurationPlatforms) = postSolution
		{C3C231A9-B726-4D1B-A9C3-91B55A75C215}.Debug|Any CPU.ActiveCfg = Debug|Any CPU
		{C3C231A9-B726-4D1B-A9C3-91B55A75C215}.Debug|Any CPU.Build.0 = Debug|Any CPU
		{C3C231A9-B726-4D1B-A9C3-91B55A75C215}.Release|Any CPU.ActiveCfg = Release|Any CPU
		{C3C231A9-B726-4D1B-A9C3-91B55A75C215}.Release|Any CPU.Build.0 = Release|Any CPU
	EndGlobalSection
	GlobalSection(SolutionProperties) = preSolution
		HideSolutionNode = FALSE
	EndGlobalSection
	GlobalSection(ExtensibilityGlobals) = postSolution
		SolutionGuid = {AFFE29A8-33B8-425E-8649-6D5721571D08}
	EndGlobalSection
EndGlobal
